// !$*UTF8*$!
{
	archiveVersion = 1;
	classes = {
	};
	objectVersion = 46;
	objects = {
/* Begin PBXBuildFile section */
		01033C647DDA4533AB9D5AAD /* MediaAccessibility.framework in Frameworks */ = {isa = PBXBuildFile; fileRef = 5C5B66C23F5B443492125772 /* MediaAccessibility.framework */; settings = {ATTRIBUTES = (Weak, ); }; };
		0207DA581B56EA530066E2B4 /* Images.xcassets in Resources */ = {isa = PBXBuildFile; fileRef = 0207DA571B56EA530066E2B4 /* Images.xcassets */; };
		099D6C9887744AD1926CC734 /* GoogleMobileAds.framework in Frameworks */ = {isa = PBXBuildFile; fileRef = D729D93897924D9C894458F8 /* GoogleMobileAds.framework */; };
		16B8E3E6AF9E4428BB2DB0EC /* QuartzCore.framework in Frameworks */ = {isa = PBXBuildFile; fileRef = 19B22E982ECE45E5A98CA8F5 /* QuartzCore.framework */; };
		19BD2C94A7AA4B3CA328FC3B /* UIKit.framework in Frameworks */ = {isa = PBXBuildFile; fileRef = DE30D79EA4FB41A1AFA68E06 /* UIKit.framework */; };
		1D3623260D0F684500981E51 /* AppDelegate.m in Sources */ = {isa = PBXBuildFile; fileRef = 1D3623250D0F684500981E51 /* AppDelegate.m */; };
		1D60589B0D05DD56006BFB54 /* main.m in Sources */ = {isa = PBXBuildFile; fileRef = 29B97316FDCFA39411CA2CEA /* main.m */; };
		21A627294B8A4441BD252A42 /* CDVInAppBrowser.m in Sources */ = {isa = PBXBuildFile; fileRef = 338B347E912F449A87D98DCD /* CDVInAppBrowser.m */; };
		301BF552109A68D80062928A /* libCordova.a in Frameworks */ = {isa = PBXBuildFile; fileRef = 301BF535109A57CC0062928A /* libCordova.a */; };
		302D95F114D2391D003F00A1 /* MainViewController.m in Sources */ = {isa = PBXBuildFile; fileRef = 302D95EF14D2391D003F00A1 /* MainViewController.m */; };
		302D95F214D2391D003F00A1 /* MainViewController.xib in Resources */ = {isa = PBXBuildFile; fileRef = 302D95F014D2391D003F00A1 /* MainViewController.xib */; };
		3047A5121AB8059700498E2A /* build-debug.xcconfig in Resources */ = {isa = PBXBuildFile; fileRef = 3047A50F1AB8059700498E2A /* build-debug.xcconfig */; };
		3047A5131AB8059700498E2A /* build-release.xcconfig in Resources */ = {isa = PBXBuildFile; fileRef = 3047A5101AB8059700498E2A /* build-release.xcconfig */; };
		3047A5141AB8059700498E2A /* build.xcconfig in Resources */ = {isa = PBXBuildFile; fileRef = 3047A5111AB8059700498E2A /* build.xcconfig */; };
		3315C2B6C681432EA7429896 /* MessageUI.framework in Frameworks */ = {isa = PBXBuildFile; fileRef = 6285D37B3E0D4BCBA1D1DDCE /* MessageUI.framework */; };
		3DC2114252AF4588B40F016D /* MediaPlayer.framework in Frameworks */ = {isa = PBXBuildFile; fileRef = AC2FF54A421D4985B70249E6 /* MediaPlayer.framework */; };
		3F4916BF98384522BBD10580 /* CDVPluginExt.m in Sources */ = {isa = PBXBuildFile; fileRef = 8BF342829F4147CDB942FB5F /* CDVPluginExt.m */; };
		401D38DB461142F0AA6D8172 /* AudioToolbox.framework in Frameworks */ = {isa = PBXBuildFile; fileRef = D254E4F511E748E78FEF093E /* AudioToolbox.framework */; };
		404EE9421D77411D8C5A8387 /* UniversalAnalyticsPlugin.m in Sources */ = {isa = PBXBuildFile; fileRef = 24B1C31BE53E46C68745CB53 /* UniversalAnalyticsPlugin.m */; };
		479E18C03FC748EFB74F82DE /* CDVSplashScreen.m in Sources */ = {isa = PBXBuildFile; fileRef = A78998CCD10E4F1CB2D7669D /* CDVSplashScreen.m */; };
		61264F3659AD49158DA2979A /* CDVNotification.m in Sources */ = {isa = PBXBuildFile; fileRef = CF45CCF51F064737857205D0 /* CDVNotification.m */; };
		6669694507024A69A2ACE27B /* EventKitUI.framework in Frameworks */ = {isa = PBXBuildFile; fileRef = 6B6911BDE6DA49708B07D878 /* EventKitUI.framework */; };
		66A1DA48A8264E99ABEC61CB /* StoreKit.framework in Frameworks */ = {isa = PBXBuildFile; fileRef = 5806B940E96A4584BF203592 /* StoreKit.framework */; };
		683420C370794725A6E8C387 /* CDVConnection.m in Sources */ = {isa = PBXBuildFile; fileRef = B028FCB90FEC448F8575AC2B /* CDVConnection.m */; };
		702EA305CDA545C7B29EEAEB /* AVFoundation.framework in Frameworks */ = {isa = PBXBuildFile; fileRef = 48B9E70B1A454ECD9E354A55 /* AVFoundation.framework */; };
		72C44D5E59204D0AA36E7A82 /* CDVReachability.m in Sources */ = {isa = PBXBuildFile; fileRef = ABEE9F462D594D02A883BF0D /* CDVReachability.m */; };
		77C08308A1054BD1B6265F6D /* CoreLocation.framework in Frameworks */ = {isa = PBXBuildFile; fileRef = 5163C4761940419EB0EB2D4A /* CoreLocation.framework */; };
		7F48DE2F69394E989636E7A6 /* CDVMobileAccessibility.m in Sources */ = {isa = PBXBuildFile; fileRef = 1866A354440D454980B526BB /* CDVMobileAccessibility.m */; };
		84207D66C3C24A46B355877D /* libCordovaGenericAd.a in Frameworks */ = {isa = PBXBuildFile; fileRef = 5347F3F69F7948B599FF48F1 /* libCordovaGenericAd.a */; };
		890CEDE01C8F450F99FF7B38 /* CDVViewController+SplashScreen.m in Sources */ = {isa = PBXBuildFile; fileRef = 80460F3519484695B6FB486D /* CDVViewController+SplashScreen.m */; };
		8D126E433EDE4BDB9535C4DF /* AdMobMediation.m in Sources */ = {isa = PBXBuildFile; fileRef = 3C49E6D505F24866B60C9F37 /* AdMobMediation.m */; };
		94CE4E8C05D24EF9B3BE9184 /* SystemConfiguration.framework in Frameworks */ = {isa = PBXBuildFile; fileRef = C2556C1869DB49B7B44A3F28 /* SystemConfiguration.framework */; };
		99297AAE52F64247A3BEB320 /* CDVNotification.bundle in Resources */ = {isa = PBXBuildFile; fileRef = D69FBF969FF04AE4931E091E /* CDVNotification.bundle */; };
		9970D29FA5E747DF90992A36 /* libGoogleAnalyticsServices.a in Frameworks */ = {isa = PBXBuildFile; fileRef = DC6FB91D3F2E401AA84C5142 /* libGoogleAnalyticsServices.a */; };
		A013892AD1094E068A2BE766 /* Foundation.framework in Frameworks */ = {isa = PBXBuildFile; fileRef = D652DD2EEDC44D7E91D8ADA6 /* Foundation.framework */; };
		AE4BC46E45034ED88495AEDC /* CDVLocation.m in Sources */ = {isa = PBXBuildFile; fileRef = D2C2DB5EB6EA49B5B8EFC9A8 /* CDVLocation.m */; };
		B37DDE0A281E4514A15F4A7F /* CDVAdMobPlugin.m in Sources */ = {isa = PBXBuildFile; fileRef = 183F56E0DA8C4FA7B341F358 /* CDVAdMobPlugin.m */; };
		B9F8CA4A24D7436F8B3791D7 /* CoreTelephony.framework in Frameworks */ = {isa = PBXBuildFile; fileRef = EC9FCD14C0C8492587C685F7 /* CoreTelephony.framework */; };
		BCF14D9B52FC46FB92114626 /* CDVStatusBar.m in Sources */ = {isa = PBXBuildFile; fileRef = FFE7B095ED574824A4EBD597 /* CDVStatusBar.m */; };
		BF93CBAE0C244C8ABC320447 /* libsqlite3.dylib in Frameworks */ = {isa = PBXBuildFile; fileRef = DF71731D337E4ED4959D4C0D /* libsqlite3.dylib */; };
		C00CFAB47205456D8A671EB9 /* AdSupport.framework in Frameworks */ = {isa = PBXBuildFile; fileRef = BE760D0D4C134926AD18537C /* AdSupport.framework */; };
		CE3AE118ADAA4FB3A77DD602 /* libz.dylib in Frameworks */ = {isa = PBXBuildFile; fileRef = CFD928ED460D4C07A04B9324 /* libz.dylib */; };
		D705D3FDF4434796A14C3519 /* CFNetwork.framework in Frameworks */ = {isa = PBXBuildFile; fileRef = 4E899200164E46158B9259F4 /* CFNetwork.framework */; };
		DDD6623EBA7B49ED94D03C31 /* CoreData.framework in Frameworks */ = {isa = PBXBuildFile; fileRef = 84C366153CDF43079659DFF6 /* CoreData.framework */; };
		F671D4701C49445EBF881815 /* EventKit.framework in Frameworks */ = {isa = PBXBuildFile; fileRef = F4E91B44D01F496FA6715F5B /* EventKit.framework */; };
		FEEA79E4FEFB4D92A667DB08 /* CDVDevice.m in Sources */ = {isa = PBXBuildFile; fileRef = B63C8659FC604A8CB4025E6F /* CDVDevice.m */; };
/* End PBXBuildFile section */

/* Begin PBXContainerItemProxy section */
		301BF534109A57CC0062928A /* PBXContainerItemProxy */ = {
			isa = PBXContainerItemProxy;
			containerPortal = 301BF52D109A57CC0062928A /* CordovaLib.xcodeproj */;
			proxyType = 2;
			remoteGlobalIDString = D2AAC07E0554694100DB518D;
			remoteInfo = CordovaLib;
		};
		301BF550109A68C00062928A /* PBXContainerItemProxy */ = {
			isa = PBXContainerItemProxy;
			containerPortal = 301BF52D109A57CC0062928A /* CordovaLib.xcodeproj */;
			proxyType = 1;
			remoteGlobalIDString = D2AAC07D0554694100DB518D;
			remoteInfo = CordovaLib;
		};
/* End PBXContainerItemProxy section */

/* Begin PBXFileReference section */
		0207DA571B56EA530066E2B4 /* Images.xcassets */ = {isa = PBXFileReference; lastKnownFileType = folder.assetcatalog; name = Images.xcassets; path = WSDOT/Images.xcassets; sourceTree = SOURCE_ROOT; };
		0FCBC395249346D1A4A95304 /* GAILogger.h */ = {isa = PBXFileReference; explicitFileType = undefined; fileEncoding = 4; includeInIndex = 0; lastKnownFileType = sourcecode.c.h; name = GAILogger.h; path = "cordova-plugin-google-analytics/GAILogger.h"; sourceTree = "<group>"; };
		122CC4F8D40348F6BB6B41A5 /* GAIFields.h */ = {isa = PBXFileReference; explicitFileType = undefined; fileEncoding = 4; includeInIndex = 0; lastKnownFileType = sourcecode.c.h; name = GAIFields.h; path = "cordova-plugin-google-analytics/GAIFields.h"; sourceTree = "<group>"; };
		129CF89CF40E49B8B2D516E1 /* CDVStatusBar.h */ = {isa = PBXFileReference; explicitFileType = undefined; fileEncoding = 4; includeInIndex = 0; lastKnownFileType = sourcecode.c.h; name = CDVStatusBar.h; path = "cordova-plugin-statusbar/CDVStatusBar.h"; sourceTree = "<group>"; };
		183F56E0DA8C4FA7B341F358 /* CDVAdMobPlugin.m */ = {isa = PBXFileReference; explicitFileType = undefined; fileEncoding = 4; includeInIndex = 0; lastKnownFileType = sourcecode.c.objc; name = CDVAdMobPlugin.m; path = "cordova-plugin-admobpro/CDVAdMobPlugin.m"; sourceTree = "<group>"; };
		1866A354440D454980B526BB /* CDVMobileAccessibility.m */ = {isa = PBXFileReference; explicitFileType = undefined; fileEncoding = 4; includeInIndex = 0; lastKnownFileType = sourcecode.c.objc; name = CDVMobileAccessibility.m; path = "phonegap-plugin-mobile-accessibility/CDVMobileAccessibility.m"; sourceTree = "<group>"; };
		19B22E982ECE45E5A98CA8F5 /* QuartzCore.framework */ = {isa = PBXFileReference; explicitFileType = undefined; fileEncoding = 9; includeInIndex = 0; lastKnownFileType = wrapper.framework; name = QuartzCore.framework; path = System/Library/Frameworks/QuartzCore.framework; sourceTree = SDKROOT; };
		1D3623240D0F684500981E51 /* AppDelegate.h */ = {isa = PBXFileReference; fileEncoding = 4; lastKnownFileType = sourcecode.c.h; path = AppDelegate.h; sourceTree = "<group>"; };
		1D3623250D0F684500981E51 /* AppDelegate.m */ = {isa = PBXFileReference; fileEncoding = 4; lastKnownFileType = sourcecode.c.objc; path = AppDelegate.m; sourceTree = "<group>"; };
		1D6058910D05DD3D006BFB54 /* WSDOT.app */ = {isa = PBXFileReference; explicitFileType = wrapper.application; includeInIndex = 0; path = WSDOT.app; sourceTree = BUILT_PRODUCTS_DIR; };
		1EB45DCD39204466AD2499FF /* CDVMobileAccessibility.h */ = {isa = PBXFileReference; explicitFileType = undefined; fileEncoding = 4; includeInIndex = 0; lastKnownFileType = sourcecode.c.h; name = CDVMobileAccessibility.h; path = "phonegap-plugin-mobile-accessibility/CDVMobileAccessibility.h"; sourceTree = "<group>"; };
		23882B0C9574432F908E614D /* CDVLocation.h */ = {isa = PBXFileReference; explicitFileType = undefined; fileEncoding = 4; includeInIndex = 0; lastKnownFileType = sourcecode.c.h; name = CDVLocation.h; path = "cordova-plugin-geolocation/CDVLocation.h"; sourceTree = "<group>"; };
		24B1C31BE53E46C68745CB53 /* UniversalAnalyticsPlugin.m */ = {isa = PBXFileReference; explicitFileType = undefined; fileEncoding = 4; includeInIndex = 0; lastKnownFileType = sourcecode.c.objc; name = UniversalAnalyticsPlugin.m; path = "cordova-plugin-google-analytics/UniversalAnalyticsPlugin.m"; sourceTree = "<group>"; };
		29B97316FDCFA39411CA2CEA /* main.m */ = {isa = PBXFileReference; fileEncoding = 4; lastKnownFileType = sourcecode.c.objc; path = main.m; sourceTree = "<group>"; };
		29F9BC64794641F9916DEF19 /* CDVInAppBrowser.h */ = {isa = PBXFileReference; explicitFileType = undefined; fileEncoding = 4; includeInIndex = 0; lastKnownFileType = sourcecode.c.h; name = CDVInAppBrowser.h; path = "cordova-plugin-inappbrowser/CDVInAppBrowser.h"; sourceTree = "<group>"; };
		2A49A6D17DC24E21A21EF60A /* GAIEcommerceFields.h */ = {isa = PBXFileReference; explicitFileType = undefined; fileEncoding = 4; includeInIndex = 0; lastKnownFileType = sourcecode.c.h; name = GAIEcommerceFields.h; path = "cordova-plugin-google-analytics/GAIEcommerceFields.h"; sourceTree = "<group>"; };
		2F4B27094CC34E0EAC45C8EA /* CDVDevice.h */ = {isa = PBXFileReference; explicitFileType = undefined; fileEncoding = 4; includeInIndex = 0; lastKnownFileType = sourcecode.c.h; name = CDVDevice.h; path = "cordova-plugin-device/CDVDevice.h"; sourceTree = "<group>"; };
		301BF52D109A57CC0062928A /* CordovaLib.xcodeproj */ = {isa = PBXFileReference; lastKnownFileType = "wrapper.pb-project"; name = CordovaLib.xcodeproj; path = CordovaLib/CordovaLib.xcodeproj; sourceTree = "<group>"; };
		301BF56E109A69640062928A /* www */ = {isa = PBXFileReference; lastKnownFileType = folder; path = www; sourceTree = SOURCE_ROOT; };
		302D95EE14D2391D003F00A1 /* MainViewController.h */ = {isa = PBXFileReference; fileEncoding = 4; lastKnownFileType = sourcecode.c.h; path = MainViewController.h; sourceTree = "<group>"; };
		302D95EF14D2391D003F00A1 /* MainViewController.m */ = {isa = PBXFileReference; fileEncoding = 4; lastKnownFileType = sourcecode.c.objc; path = MainViewController.m; sourceTree = "<group>"; };
		302D95F014D2391D003F00A1 /* MainViewController.xib */ = {isa = PBXFileReference; fileEncoding = 4; lastKnownFileType = file.xib; path = MainViewController.xib; sourceTree = "<group>"; };
		3047A50F1AB8059700498E2A /* build-debug.xcconfig */ = {isa = PBXFileReference; fileEncoding = 4; lastKnownFileType = text.xcconfig; name = "build-debug.xcconfig"; path = "cordova/build-debug.xcconfig"; sourceTree = SOURCE_ROOT; };
		3047A5101AB8059700498E2A /* build-release.xcconfig */ = {isa = PBXFileReference; fileEncoding = 4; lastKnownFileType = text.xcconfig; name = "build-release.xcconfig"; path = "cordova/build-release.xcconfig"; sourceTree = SOURCE_ROOT; };
		3047A5111AB8059700498E2A /* build.xcconfig */ = {isa = PBXFileReference; fileEncoding = 4; lastKnownFileType = text.xcconfig; name = build.xcconfig; path = cordova/build.xcconfig; sourceTree = SOURCE_ROOT; };
		32CA4F630368D1EE00C91783 /* WSDOT-Prefix.pch */ = {isa = PBXFileReference; fileEncoding = 4; lastKnownFileType = sourcecode.c.h; path = "WSDOT-Prefix.pch"; sourceTree = "<group>"; };
		338B347E912F449A87D98DCD /* CDVInAppBrowser.m */ = {isa = PBXFileReference; explicitFileType = undefined; fileEncoding = 4; includeInIndex = 0; lastKnownFileType = sourcecode.c.objc; name = CDVInAppBrowser.m; path = "cordova-plugin-inappbrowser/CDVInAppBrowser.m"; sourceTree = "<group>"; };
		3C49E6D505F24866B60C9F37 /* AdMobMediation.m */ = {isa = PBXFileReference; explicitFileType = undefined; fileEncoding = 4; includeInIndex = 0; lastKnownFileType = sourcecode.c.objc; name = AdMobMediation.m; path = "cordova-plugin-admobpro/AdMobMediation.m"; sourceTree = "<group>"; };
		4638D67481F444758A0734D7 /* CDVSplashScreen.h */ = {isa = PBXFileReference; explicitFileType = undefined; fileEncoding = 4; includeInIndex = 0; lastKnownFileType = sourcecode.c.h; name = CDVSplashScreen.h; path = "cordova-plugin-splashscreen/CDVSplashScreen.h"; sourceTree = "<group>"; };
		48B9E70B1A454ECD9E354A55 /* AVFoundation.framework */ = {isa = PBXFileReference; explicitFileType = undefined; fileEncoding = 9; includeInIndex = 0; lastKnownFileType = wrapper.framework; name = AVFoundation.framework; path = System/Library/Frameworks/AVFoundation.framework; sourceTree = SDKROOT; };
		4E899200164E46158B9259F4 /* CFNetwork.framework */ = {isa = PBXFileReference; explicitFileType = undefined; fileEncoding = 9; includeInIndex = 0; lastKnownFileType = wrapper.framework; name = CFNetwork.framework; path = System/Library/Frameworks/CFNetwork.framework; sourceTree = SDKROOT; };
		506DAA4A02BF4FAE8F514655 /* GenericAdPlugin.h */ = {isa = PBXFileReference; explicitFileType = undefined; fileEncoding = 4; includeInIndex = 0; lastKnownFileType = sourcecode.c.h; name = GenericAdPlugin.h; path = "cordova-plugin-extension/GenericAdPlugin.h"; sourceTree = "<group>"; };
		5163C4761940419EB0EB2D4A /* CoreLocation.framework */ = {isa = PBXFileReference; explicitFileType = undefined; fileEncoding = 9; includeInIndex = 0; lastKnownFileType = wrapper.framework; name = CoreLocation.framework; path = System/Library/Frameworks/CoreLocation.framework; sourceTree = SDKROOT; };
		51CB45793F9B4D9B87144A91 /* CDVNotification.h */ = {isa = PBXFileReference; explicitFileType = undefined; fileEncoding = 4; includeInIndex = 0; lastKnownFileType = sourcecode.c.h; name = CDVNotification.h; path = "cordova-plugin-dialogs/CDVNotification.h"; sourceTree = "<group>"; };
		5347F3F69F7948B599FF48F1 /* libCordovaGenericAd.a */ = {isa = PBXFileReference; explicitFileType = undefined; fileEncoding = 9; includeInIndex = 0; lastKnownFileType = archive.ar; name = libCordovaGenericAd.a; path = "WSDOT/Plugins/cordova-plugin-extension/libCordovaGenericAd.a"; sourceTree = "<group>"; };
		5806B940E96A4584BF203592 /* StoreKit.framework */ = {isa = PBXFileReference; explicitFileType = undefined; fileEncoding = 9; includeInIndex = 0; lastKnownFileType = wrapper.framework; name = StoreKit.framework; path = System/Library/Frameworks/StoreKit.framework; sourceTree = SDKROOT; };
		5C5B66C23F5B443492125772 /* MediaAccessibility.framework */ = {isa = PBXFileReference; explicitFileType = undefined; fileEncoding = 9; includeInIndex = 0; lastKnownFileType = wrapper.framework; name = MediaAccessibility.framework; path = System/Library/Frameworks/MediaAccessibility.framework; sourceTree = SDKROOT; };
		6285D37B3E0D4BCBA1D1DDCE /* MessageUI.framework */ = {isa = PBXFileReference; explicitFileType = undefined; fileEncoding = 9; includeInIndex = 0; lastKnownFileType = wrapper.framework; name = MessageUI.framework; path = System/Library/Frameworks/MessageUI.framework; sourceTree = SDKROOT; };
		6828BD3414A5482AB4DFF596 /* CDVReachability.h */ = {isa = PBXFileReference; explicitFileType = undefined; fileEncoding = 4; includeInIndex = 0; lastKnownFileType = sourcecode.c.h; name = CDVReachability.h; path = "cordova-plugin-network-information/CDVReachability.h"; sourceTree = "<group>"; };
		6B6911BDE6DA49708B07D878 /* EventKitUI.framework */ = {isa = PBXFileReference; explicitFileType = undefined; fileEncoding = 9; includeInIndex = 0; lastKnownFileType = wrapper.framework; name = EventKitUI.framework; path = System/Library/Frameworks/EventKitUI.framework; sourceTree = SDKROOT; };
		7DF23FD3BCE74640B8627771 /* GAIEcommerceProduct.h */ = {isa = PBXFileReference; explicitFileType = undefined; fileEncoding = 4; includeInIndex = 0; lastKnownFileType = sourcecode.c.h; name = GAIEcommerceProduct.h; path = "cordova-plugin-google-analytics/GAIEcommerceProduct.h"; sourceTree = "<group>"; };
		80460F3519484695B6FB486D /* CDVViewController+SplashScreen.m */ = {isa = PBXFileReference; explicitFileType = undefined; fileEncoding = 4; includeInIndex = 0; lastKnownFileType = sourcecode.c.objc; name = "CDVViewController+SplashScreen.m"; path = "cordova-plugin-splashscreen/CDVViewController+SplashScreen.m"; sourceTree = "<group>"; };
		84C366153CDF43079659DFF6 /* CoreData.framework */ = {isa = PBXFileReference; explicitFileType = undefined; fileEncoding = 9; includeInIndex = 0; lastKnownFileType = wrapper.framework; name = CoreData.framework; path = System/Library/Frameworks/CoreData.framework; sourceTree = SDKROOT; };
		8830345F1EC546F1BC336DAB /* CDVAdMobPlugin.h */ = {isa = PBXFileReference; explicitFileType = undefined; fileEncoding = 4; includeInIndex = 0; lastKnownFileType = sourcecode.c.h; name = CDVAdMobPlugin.h; path = "cordova-plugin-admobpro/CDVAdMobPlugin.h"; sourceTree = "<group>"; };
		8BF342829F4147CDB942FB5F /* CDVPluginExt.m */ = {isa = PBXFileReference; explicitFileType = undefined; fileEncoding = 4; includeInIndex = 0; lastKnownFileType = sourcecode.c.objc; name = CDVPluginExt.m; path = "cordova-plugin-extension/CDVPluginExt.m"; sourceTree = "<group>"; };
		8D1107310486CEB800E47090 /* WSDOT-Info.plist */ = {isa = PBXFileReference; fileEncoding = 4; lastKnownFileType = text.plist.xml; name = "WSDOT-Info.plist"; path = "WSDOT/WSDOT-Info.plist"; plistStructureDefinitionIdentifier = "com.apple.xcode.plist.structure-definition.iphone.info-plist"; sourceTree = SOURCE_ROOT; };
		8D38426EDD5D4DF08A0A961D /* GAITracker.h */ = {isa = PBXFileReference; explicitFileType = undefined; fileEncoding = 4; includeInIndex = 0; lastKnownFileType = sourcecode.c.h; name = GAITracker.h; path = "cordova-plugin-google-analytics/GAITracker.h"; sourceTree = "<group>"; };
		94E00A86608346AC9B24EC20 /* CDVViewController+SplashScreen.h */ = {isa = PBXFileReference; explicitFileType = undefined; fileEncoding = 4; includeInIndex = 0; lastKnownFileType = sourcecode.c.h; name = "CDVViewController+SplashScreen.h"; path = "cordova-plugin-splashscreen/CDVViewController+SplashScreen.h"; sourceTree = "<group>"; };
		A455724C27A445F786078498 /* UniversalAnalyticsPlugin.h */ = {isa = PBXFileReference; explicitFileType = undefined; fileEncoding = 4; includeInIndex = 0; lastKnownFileType = sourcecode.c.h; name = UniversalAnalyticsPlugin.h; path = "cordova-plugin-google-analytics/UniversalAnalyticsPlugin.h"; sourceTree = "<group>"; };
		A78998CCD10E4F1CB2D7669D /* CDVSplashScreen.m */ = {isa = PBXFileReference; explicitFileType = undefined; fileEncoding = 4; includeInIndex = 0; lastKnownFileType = sourcecode.c.objc; name = CDVSplashScreen.m; path = "cordova-plugin-splashscreen/CDVSplashScreen.m"; sourceTree = "<group>"; };
		ABEE9F462D594D02A883BF0D /* CDVReachability.m */ = {isa = PBXFileReference; explicitFileType = undefined; fileEncoding = 4; includeInIndex = 0; lastKnownFileType = sourcecode.c.objc; name = CDVReachability.m; path = "cordova-plugin-network-information/CDVReachability.m"; sourceTree = "<group>"; };
		AC2FF54A421D4985B70249E6 /* MediaPlayer.framework */ = {isa = PBXFileReference; explicitFileType = undefined; fileEncoding = 9; includeInIndex = 0; lastKnownFileType = wrapper.framework; name = MediaPlayer.framework; path = System/Library/Frameworks/MediaPlayer.framework; sourceTree = SDKROOT; };
		B028FCB90FEC448F8575AC2B /* CDVConnection.m */ = {isa = PBXFileReference; explicitFileType = undefined; fileEncoding = 4; includeInIndex = 0; lastKnownFileType = sourcecode.c.objc; name = CDVConnection.m; path = "cordova-plugin-network-information/CDVConnection.m"; sourceTree = "<group>"; };
		B63C8659FC604A8CB4025E6F /* CDVDevice.m */ = {isa = PBXFileReference; explicitFileType = undefined; fileEncoding = 4; includeInIndex = 0; lastKnownFileType = sourcecode.c.objc; name = CDVDevice.m; path = "cordova-plugin-device/CDVDevice.m"; sourceTree = "<group>"; };
		B9439B51CF34491D926B7354 /* GAITrackedViewController.h */ = {isa = PBXFileReference; explicitFileType = undefined; fileEncoding = 4; includeInIndex = 0; lastKnownFileType = sourcecode.c.h; name = GAITrackedViewController.h; path = "cordova-plugin-google-analytics/GAITrackedViewController.h"; sourceTree = "<group>"; };
		B9B16924F6C54014832664A7 /* GAIEcommercePromotion.h */ = {isa = PBXFileReference; explicitFileType = undefined; fileEncoding = 4; includeInIndex = 0; lastKnownFileType = sourcecode.c.h; name = GAIEcommercePromotion.h; path = "cordova-plugin-google-analytics/GAIEcommercePromotion.h"; sourceTree = "<group>"; };
		BABC0F66D7E7424781849A07 /* PluginAdapterDelegate.h */ = {isa = PBXFileReference; explicitFileType = undefined; fileEncoding = 4; includeInIndex = 0; lastKnownFileType = sourcecode.c.h; name = PluginAdapterDelegate.h; path = "cordova-plugin-extension/PluginAdapterDelegate.h"; sourceTree = "<group>"; };
		BE760D0D4C134926AD18537C /* AdSupport.framework */ = {isa = PBXFileReference; explicitFileType = undefined; fileEncoding = 9; includeInIndex = 0; lastKnownFileType = wrapper.framework; name = AdSupport.framework; path = System/Library/Frameworks/AdSupport.framework; sourceTree = SDKROOT; };
		C20204F148AD41E182706743 /* GAIEcommerceProductAction.h */ = {isa = PBXFileReference; explicitFileType = undefined; fileEncoding = 4; includeInIndex = 0; lastKnownFileType = sourcecode.c.h; name = GAIEcommerceProductAction.h; path = "cordova-plugin-google-analytics/GAIEcommerceProductAction.h"; sourceTree = "<group>"; };
		C2556C1869DB49B7B44A3F28 /* SystemConfiguration.framework */ = {isa = PBXFileReference; explicitFileType = undefined; fileEncoding = 9; includeInIndex = 0; lastKnownFileType = wrapper.framework; name = SystemConfiguration.framework; path = System/Library/Frameworks/SystemConfiguration.framework; sourceTree = SDKROOT; };
		CF45CCF51F064737857205D0 /* CDVNotification.m */ = {isa = PBXFileReference; explicitFileType = undefined; fileEncoding = 4; includeInIndex = 0; lastKnownFileType = sourcecode.c.objc; name = CDVNotification.m; path = "cordova-plugin-dialogs/CDVNotification.m"; sourceTree = "<group>"; };
		CFD928ED460D4C07A04B9324 /* libz.dylib */ = {isa = PBXFileReference; explicitFileType = undefined; fileEncoding = 9; includeInIndex = 0; lastKnownFileType = "compiled.mach-o.dylib"; name = libz.dylib; path = usr/lib/libz.dylib; sourceTree = SDKROOT; };
		D254E4F511E748E78FEF093E /* AudioToolbox.framework */ = {isa = PBXFileReference; explicitFileType = undefined; fileEncoding = 9; includeInIndex = 0; lastKnownFileType = wrapper.framework; name = AudioToolbox.framework; path = System/Library/Frameworks/AudioToolbox.framework; sourceTree = SDKROOT; };
		D2C2DB5EB6EA49B5B8EFC9A8 /* CDVLocation.m */ = {isa = PBXFileReference; explicitFileType = undefined; fileEncoding = 4; includeInIndex = 0; lastKnownFileType = sourcecode.c.objc; name = CDVLocation.m; path = "cordova-plugin-geolocation/CDVLocation.m"; sourceTree = "<group>"; };
		D652DD2EEDC44D7E91D8ADA6 /* Foundation.framework */ = {isa = PBXFileReference; explicitFileType = undefined; fileEncoding = 9; includeInIndex = 0; lastKnownFileType = wrapper.framework; name = Foundation.framework; path = System/Library/Frameworks/Foundation.framework; sourceTree = SDKROOT; };
		D69FBF969FF04AE4931E091E /* CDVNotification.bundle */ = {isa = PBXFileReference; explicitFileType = undefined; fileEncoding = 9; includeInIndex = 0; lastKnownFileType = "wrapper.plug-in"; path = CDVNotification.bundle; sourceTree = "<group>"; };
		D729D93897924D9C894458F8 /* GoogleMobileAds.framework */ = {isa = PBXFileReference; explicitFileType = undefined; fileEncoding = 9; includeInIndex = 0; lastKnownFileType = wrapper.framework; name = GoogleMobileAds.framework; path = "WSDOT/Plugins/cordova-plugin-admobpro/GoogleMobileAds.framework"; sourceTree = "<group>"; };
		DC6FB91D3F2E401AA84C5142 /* libGoogleAnalyticsServices.a */ = {isa = PBXFileReference; explicitFileType = undefined; fileEncoding = 9; includeInIndex = 0; lastKnownFileType = archive.ar; name = libGoogleAnalyticsServices.a; path = "WSDOT/Plugins/cordova-plugin-google-analytics/libGoogleAnalyticsServices.a"; sourceTree = "<group>"; };
		DE30D79EA4FB41A1AFA68E06 /* UIKit.framework */ = {isa = PBXFileReference; explicitFileType = undefined; fileEncoding = 9; includeInIndex = 0; lastKnownFileType = wrapper.framework; name = UIKit.framework; path = System/Library/Frameworks/UIKit.framework; sourceTree = SDKROOT; };
		DF71731D337E4ED4959D4C0D /* libsqlite3.dylib */ = {isa = PBXFileReference; explicitFileType = undefined; fileEncoding = 9; includeInIndex = 0; lastKnownFileType = "compiled.mach-o.dylib"; name = libsqlite3.dylib; path = usr/lib/libsqlite3.dylib; sourceTree = SDKROOT; };
		E248A1118063483E876DDEA5 /* CDVConnection.h */ = {isa = PBXFileReference; explicitFileType = undefined; fileEncoding = 4; includeInIndex = 0; lastKnownFileType = sourcecode.c.h; name = CDVConnection.h; path = "cordova-plugin-network-information/CDVConnection.h"; sourceTree = "<group>"; };
		E3590E3169E644A99B322A5E /* AdMobMediation.h */ = {isa = PBXFileReference; explicitFileType = undefined; fileEncoding = 4; includeInIndex = 0; lastKnownFileType = sourcecode.c.h; name = AdMobMediation.h; path = "cordova-plugin-admobpro/AdMobMediation.h"; sourceTree = "<group>"; };
		EABC63D556EE453999AA0F80 /* GAI.h */ = {isa = PBXFileReference; explicitFileType = undefined; fileEncoding = 4; includeInIndex = 0; lastKnownFileType = sourcecode.c.h; name = GAI.h; path = "cordova-plugin-google-analytics/GAI.h"; sourceTree = "<group>"; };
		EB87FDF31871DA8E0020F90C /* www */ = {isa = PBXFileReference; lastKnownFileType = folder; name = www; path = ../../www; sourceTree = "<group>"; };
		EB87FDF41871DAF40020F90C /* config.xml */ = {isa = PBXFileReference; lastKnownFileType = text.xml; name = config.xml; path = ../../config.xml; sourceTree = "<group>"; };
		EC9FCD14C0C8492587C685F7 /* CoreTelephony.framework */ = {isa = PBXFileReference; explicitFileType = undefined; fileEncoding = 9; includeInIndex = 0; lastKnownFileType = wrapper.framework; name = CoreTelephony.framework; path = System/Library/Frameworks/CoreTelephony.framework; sourceTree = SDKROOT; };
		ECFA5BA92E4640838CF7B7FA /* CDVPluginExt.h */ = {isa = PBXFileReference; explicitFileType = undefined; fileEncoding = 4; includeInIndex = 0; lastKnownFileType = sourcecode.c.h; name = CDVPluginExt.h; path = "cordova-plugin-extension/CDVPluginExt.h"; sourceTree = "<group>"; };
		ED33DF2A687741AEAF9F8254 /* Bridging-Header.h */ = {isa = PBXFileReference; fileEncoding = 4; lastKnownFileType = sourcecode.c.h; path = "Bridging-Header.h"; sourceTree = "<group>"; };
		F2201DEE08504F4B9F86693B /* GAIDictionaryBuilder.h */ = {isa = PBXFileReference; explicitFileType = undefined; fileEncoding = 4; includeInIndex = 0; lastKnownFileType = sourcecode.c.h; name = GAIDictionaryBuilder.h; path = "cordova-plugin-google-analytics/GAIDictionaryBuilder.h"; sourceTree = "<group>"; };
		F4E91B44D01F496FA6715F5B /* EventKit.framework */ = {isa = PBXFileReference; explicitFileType = undefined; fileEncoding = 9; includeInIndex = 0; lastKnownFileType = wrapper.framework; name = EventKit.framework; path = System/Library/Frameworks/EventKit.framework; sourceTree = SDKROOT; };
		F840E1F0165FE0F500CFE078 /* config.xml */ = {isa = PBXFileReference; lastKnownFileType = text.xml; name = config.xml; path = WSDOT/config.xml; sourceTree = "<group>"; };
		FFE7B095ED574824A4EBD597 /* CDVStatusBar.m */ = {isa = PBXFileReference; explicitFileType = undefined; fileEncoding = 4; includeInIndex = 0; lastKnownFileType = sourcecode.c.objc; name = CDVStatusBar.m; path = "cordova-plugin-statusbar/CDVStatusBar.m"; sourceTree = "<group>"; };
/* End PBXFileReference section */

/* Begin PBXFrameworksBuildPhase section */
		1D60588F0D05DD3D006BFB54 /* Frameworks */ = {
			isa = PBXFrameworksBuildPhase;
			buildActionMask = 2147483647;
			files = (
				301BF552109A68D80062928A /* libCordova.a in Frameworks */,
				D705D3FDF4434796A14C3519 /* CFNetwork.framework in Frameworks */,
				C00CFAB47205456D8A671EB9 /* AdSupport.framework in Frameworks */,
				401D38DB461142F0AA6D8172 /* AudioToolbox.framework in Frameworks */,
				702EA305CDA545C7B29EEAEB /* AVFoundation.framework in Frameworks */,
				77C08308A1054BD1B6265F6D /* CoreLocation.framework in Frameworks */,
				B9F8CA4A24D7436F8B3791D7 /* CoreTelephony.framework in Frameworks */,
				F671D4701C49445EBF881815 /* EventKit.framework in Frameworks */,
				6669694507024A69A2ACE27B /* EventKitUI.framework in Frameworks */,
				A013892AD1094E068A2BE766 /* Foundation.framework in Frameworks */,
				3DC2114252AF4588B40F016D /* MediaPlayer.framework in Frameworks */,
				3315C2B6C681432EA7429896 /* MessageUI.framework in Frameworks */,
				16B8E3E6AF9E4428BB2DB0EC /* QuartzCore.framework in Frameworks */,
				66A1DA48A8264E99ABEC61CB /* StoreKit.framework in Frameworks */,
				94CE4E8C05D24EF9B3BE9184 /* SystemConfiguration.framework in Frameworks */,
				19BD2C94A7AA4B3CA328FC3B /* UIKit.framework in Frameworks */,
				DDD6623EBA7B49ED94D03C31 /* CoreData.framework in Frameworks */,
				CE3AE118ADAA4FB3A77DD602 /* libz.dylib in Frameworks */,
				BF93CBAE0C244C8ABC320447 /* libsqlite3.dylib in Frameworks */,
				84207D66C3C24A46B355877D /* libCordovaGenericAd.a in Frameworks */,
				099D6C9887744AD1926CC734 /* GoogleMobileAds.framework in Frameworks */,
				9970D29FA5E747DF90992A36 /* libGoogleAnalyticsServices.a in Frameworks */,
				01033C647DDA4533AB9D5AAD /* MediaAccessibility.framework in Frameworks */,
			);
			runOnlyForDeploymentPostprocessing = 0;
		};
/* End PBXFrameworksBuildPhase section */

/* Begin PBXGroup section */
		080E96DDFE201D6D7F000001 /* Classes */ = {
			isa = PBXGroup;
			children = (
				302D95EE14D2391D003F00A1 /* MainViewController.h */,
				302D95EF14D2391D003F00A1 /* MainViewController.m */,
				302D95F014D2391D003F00A1 /* MainViewController.xib */,
				1D3623240D0F684500981E51 /* AppDelegate.h */,
				1D3623250D0F684500981E51 /* AppDelegate.m */,
			);
			name = Classes;
			path = WSDOT/Classes;
			sourceTree = SOURCE_ROOT;
		};
		19C28FACFE9D520D11CA2CBB /* Products */ = {
			isa = PBXGroup;
			children = (
				1D6058910D05DD3D006BFB54 /* WSDOT.app */,
			);
			name = Products;
			sourceTree = "<group>";
		};
		29B97314FDCFA39411CA2CEA /* CustomTemplate */ = {
			isa = PBXGroup;
			children = (
				EB87FDF41871DAF40020F90C /* config.xml */,
				EB87FDF31871DA8E0020F90C /* www */,
				EB87FDF11871DA420020F90C /* Staging */,
				301BF52D109A57CC0062928A /* CordovaLib.xcodeproj */,
				080E96DDFE201D6D7F000001 /* Classes */,
				307C750510C5A3420062BCA9 /* Plugins */,
				29B97315FDCFA39411CA2CEA /* Other Sources */,
				29B97317FDCFA39411CA2CEA /* Resources */,
				29B97323FDCFA39411CA2CEA /* Frameworks */,
				19C28FACFE9D520D11CA2CBB /* Products */,
			);
			name = CustomTemplate;
			sourceTree = "<group>";
		};
		29B97315FDCFA39411CA2CEA /* Other Sources */ = {
			isa = PBXGroup;
			children = (
				32CA4F630368D1EE00C91783 /* WSDOT-Prefix.pch */,
				29B97316FDCFA39411CA2CEA /* main.m */,
				ED33DF2A687741AEAF9F8254 /* Bridging-Header.h */,
			);
			name = "Other Sources";
			path = WSDOT;
			sourceTree = "<group>";
		};
		29B97317FDCFA39411CA2CEA /* Resources */ = {
			isa = PBXGroup;
			children = (
				0207DA571B56EA530066E2B4 /* Images.xcassets */,
				3047A50E1AB8057F00498E2A /* config */,
				8D1107310486CEB800E47090 /* WSDOT-Info.plist */,
				D69FBF969FF04AE4931E091E /* CDVNotification.bundle */,
			);
			name = Resources;
			path = WSDOT/Resources;
			sourceTree = "<group>";
		};
		29B97323FDCFA39411CA2CEA /* Frameworks */ = {
			isa = PBXGroup;
			children = (
				4E899200164E46158B9259F4 /* CFNetwork.framework */,
				BE760D0D4C134926AD18537C /* AdSupport.framework */,
				D254E4F511E748E78FEF093E /* AudioToolbox.framework */,
				48B9E70B1A454ECD9E354A55 /* AVFoundation.framework */,
				5163C4761940419EB0EB2D4A /* CoreLocation.framework */,
				EC9FCD14C0C8492587C685F7 /* CoreTelephony.framework */,
				F4E91B44D01F496FA6715F5B /* EventKit.framework */,
				6B6911BDE6DA49708B07D878 /* EventKitUI.framework */,
				D652DD2EEDC44D7E91D8ADA6 /* Foundation.framework */,
				AC2FF54A421D4985B70249E6 /* MediaPlayer.framework */,
				6285D37B3E0D4BCBA1D1DDCE /* MessageUI.framework */,
				19B22E982ECE45E5A98CA8F5 /* QuartzCore.framework */,
				5806B940E96A4584BF203592 /* StoreKit.framework */,
				C2556C1869DB49B7B44A3F28 /* SystemConfiguration.framework */,
				DE30D79EA4FB41A1AFA68E06 /* UIKit.framework */,
				84C366153CDF43079659DFF6 /* CoreData.framework */,
				CFD928ED460D4C07A04B9324 /* libz.dylib */,
				DF71731D337E4ED4959D4C0D /* libsqlite3.dylib */,
				5347F3F69F7948B599FF48F1 /* libCordovaGenericAd.a */,
				D729D93897924D9C894458F8 /* GoogleMobileAds.framework */,
				DC6FB91D3F2E401AA84C5142 /* libGoogleAnalyticsServices.a */,
				5C5B66C23F5B443492125772 /* MediaAccessibility.framework */,
			);
			name = Frameworks;
			sourceTree = "<group>";
		};
		301BF52E109A57CC0062928A /* Products */ = {
			isa = PBXGroup;
			children = (
				301BF535109A57CC0062928A /* libCordova.a */,
			);
			name = Products;
			sourceTree = "<group>";
		};
		3047A50E1AB8057F00498E2A /* config */ = {
			isa = PBXGroup;
			children = (
				3047A50F1AB8059700498E2A /* build-debug.xcconfig */,
				3047A5101AB8059700498E2A /* build-release.xcconfig */,
				3047A5111AB8059700498E2A /* build.xcconfig */,
			);
			name = config;
			sourceTree = "<group>";
		};
		307C750510C5A3420062BCA9 /* Plugins */ = {
			isa = PBXGroup;
			children = (
				338B347E912F449A87D98DCD /* CDVInAppBrowser.m */,
				29F9BC64794641F9916DEF19 /* CDVInAppBrowser.h */,
				CF45CCF51F064737857205D0 /* CDVNotification.m */,
				51CB45793F9B4D9B87144A91 /* CDVNotification.h */,
				8BF342829F4147CDB942FB5F /* CDVPluginExt.m */,
				BABC0F66D7E7424781849A07 /* PluginAdapterDelegate.h */,
				ECFA5BA92E4640838CF7B7FA /* CDVPluginExt.h */,
				506DAA4A02BF4FAE8F514655 /* GenericAdPlugin.h */,
				183F56E0DA8C4FA7B341F358 /* CDVAdMobPlugin.m */,
				3C49E6D505F24866B60C9F37 /* AdMobMediation.m */,
				8830345F1EC546F1BC336DAB /* CDVAdMobPlugin.h */,
				E3590E3169E644A99B322A5E /* AdMobMediation.h */,
				D2C2DB5EB6EA49B5B8EFC9A8 /* CDVLocation.m */,
				23882B0C9574432F908E614D /* CDVLocation.h */,
				24B1C31BE53E46C68745CB53 /* UniversalAnalyticsPlugin.m */,
				A455724C27A445F786078498 /* UniversalAnalyticsPlugin.h */,
				F2201DEE08504F4B9F86693B /* GAIDictionaryBuilder.h */,
				122CC4F8D40348F6BB6B41A5 /* GAIFields.h */,
				0FCBC395249346D1A4A95304 /* GAILogger.h */,
				B9439B51CF34491D926B7354 /* GAITrackedViewController.h */,
				EABC63D556EE453999AA0F80 /* GAI.h */,
				8D38426EDD5D4DF08A0A961D /* GAITracker.h */,
				2A49A6D17DC24E21A21EF60A /* GAIEcommerceFields.h */,
				7DF23FD3BCE74640B8627771 /* GAIEcommerceProduct.h */,
				C20204F148AD41E182706743 /* GAIEcommerceProductAction.h */,
				B9B16924F6C54014832664A7 /* GAIEcommercePromotion.h */,
				A78998CCD10E4F1CB2D7669D /* CDVSplashScreen.m */,
				80460F3519484695B6FB486D /* CDVViewController+SplashScreen.m */,
				4638D67481F444758A0734D7 /* CDVSplashScreen.h */,
				94E00A86608346AC9B24EC20 /* CDVViewController+SplashScreen.h */,
				FFE7B095ED574824A4EBD597 /* CDVStatusBar.m */,
				129CF89CF40E49B8B2D516E1 /* CDVStatusBar.h */,
				B63C8659FC604A8CB4025E6F /* CDVDevice.m */,
				2F4B27094CC34E0EAC45C8EA /* CDVDevice.h */,
				B028FCB90FEC448F8575AC2B /* CDVConnection.m */,
				ABEE9F462D594D02A883BF0D /* CDVReachability.m */,
				E248A1118063483E876DDEA5 /* CDVConnection.h */,
				6828BD3414A5482AB4DFF596 /* CDVReachability.h */,
				1866A354440D454980B526BB /* CDVMobileAccessibility.m */,
				1EB45DCD39204466AD2499FF /* CDVMobileAccessibility.h */,
			);
			name = Plugins;
			path = WSDOT/Plugins;
			sourceTree = SOURCE_ROOT;
		};
		EB87FDF11871DA420020F90C /* Staging */ = {
			isa = PBXGroup;
			children = (
				F840E1F0165FE0F500CFE078 /* config.xml */,
				301BF56E109A69640062928A /* www */,
			);
			name = Staging;
			sourceTree = "<group>";
		};
/* End PBXGroup section */

/* Begin PBXNativeTarget section */
		1D6058900D05DD3D006BFB54 /* WSDOT */ = {
			isa = PBXNativeTarget;
			buildConfigurationList = 1D6058960D05DD3E006BFB54 /* Build configuration list for PBXNativeTarget "WSDOT" */;
			buildPhases = (
				304B58A110DAC018002A0835 /* Copy www directory */,
				1D60588D0D05DD3D006BFB54 /* Resources */,
				1D60588E0D05DD3D006BFB54 /* Sources */,
				1D60588F0D05DD3D006BFB54 /* Frameworks */,
			);
			buildRules = (
			);
			dependencies = (
				301BF551109A68C00062928A /* PBXTargetDependency */,
			);
			name = WSDOT;
			productName = WSDOT;
			productReference = 1D6058910D05DD3D006BFB54 /* WSDOT.app */;
			productType = "com.apple.product-type.application";
		};
/* End PBXNativeTarget section */

/* Begin PBXProject section */
		29B97313FDCFA39411CA2CEA /* Project object */ = {
			isa = PBXProject;
			attributes = {
				LastUpgradeCheck = 510;
			};
			buildConfigurationList = C01FCF4E08A954540054247B /* Build configuration list for PBXProject "WSDOT" */;
			compatibilityVersion = "Xcode 3.2";
			developmentRegion = English;
			hasScannedForEncodings = 1;
			knownRegions = (
				en,
			);
			mainGroup = 29B97314FDCFA39411CA2CEA /* CustomTemplate */;
			projectDirPath = "";
			projectReferences = (
				{
					ProductGroup = 301BF52E109A57CC0062928A /* Products */;
					ProjectRef = 301BF52D109A57CC0062928A /* CordovaLib.xcodeproj */;
				},
			);
			projectRoot = "";
			targets = (
				1D6058900D05DD3D006BFB54 /* WSDOT */,
			);
		};
/* End PBXProject section */

/* Begin PBXReferenceProxy section */
		301BF535109A57CC0062928A /* libCordova.a */ = {
			isa = PBXReferenceProxy;
			fileType = archive.ar;
			path = libCordova.a;
			remoteRef = 301BF534109A57CC0062928A /* PBXContainerItemProxy */;
			sourceTree = BUILT_PRODUCTS_DIR;
		};
/* End PBXReferenceProxy section */

/* Begin PBXResourcesBuildPhase section */
		1D60588D0D05DD3D006BFB54 /* Resources */ = {
			isa = PBXResourcesBuildPhase;
			buildActionMask = 2147483647;
			files = (
				302D95F214D2391D003F00A1 /* MainViewController.xib in Resources */,
				3047A5131AB8059700498E2A /* build-release.xcconfig in Resources */,
				3047A5141AB8059700498E2A /* build.xcconfig in Resources */,
				0207DA581B56EA530066E2B4 /* Images.xcassets in Resources */,
				3047A5121AB8059700498E2A /* build-debug.xcconfig in Resources */,
				99297AAE52F64247A3BEB320 /* CDVNotification.bundle in Resources */,
			);
			runOnlyForDeploymentPostprocessing = 0;
		};
/* End PBXResourcesBuildPhase section */

/* Begin PBXShellScriptBuildPhase section */
		304B58A110DAC018002A0835 /* Copy www directory */ = {
			isa = PBXShellScriptBuildPhase;
			buildActionMask = 2147483647;
			files = (
			);
			inputPaths = (
			);
			name = "Copy www directory";
			outputPaths = (
			);
			runOnlyForDeploymentPostprocessing = 0;
			shellPath = /bin/sh;
			shellScript = "NODEJS_PATH=/usr/local/bin; NVM_NODE_PATH=~/.nvm/versions/node/`nvm version 2>/dev/null`/bin; N_NODE_PATH=`find /usr/local/n/versions/node/* -maxdepth 0 -type d 2>/dev/null | tail -1`/bin; XCODE_NODE_PATH=`xcode-select --print-path`/usr/share/xcs/Node/bin; PATH=$NODEJS_PATH:$NVM_NODE_PATH:$N_NODE_PATH:$XCODE_NODE_PATH:$PATH && node cordova/lib/copy-www-build-step.js";
			showEnvVarsInLog = 0;
		};
/* End PBXShellScriptBuildPhase section */

/* Begin PBXSourcesBuildPhase section */
		1D60588E0D05DD3D006BFB54 /* Sources */ = {
			isa = PBXSourcesBuildPhase;
			buildActionMask = 2147483647;
			files = (
				1D60589B0D05DD56006BFB54 /* main.m in Sources */,
				1D3623260D0F684500981E51 /* AppDelegate.m in Sources */,
				302D95F114D2391D003F00A1 /* MainViewController.m in Sources */,
				21A627294B8A4441BD252A42 /* CDVInAppBrowser.m in Sources */,
				61264F3659AD49158DA2979A /* CDVNotification.m in Sources */,
				3F4916BF98384522BBD10580 /* CDVPluginExt.m in Sources */,
				B37DDE0A281E4514A15F4A7F /* CDVAdMobPlugin.m in Sources */,
				8D126E433EDE4BDB9535C4DF /* AdMobMediation.m in Sources */,
				AE4BC46E45034ED88495AEDC /* CDVLocation.m in Sources */,
				404EE9421D77411D8C5A8387 /* UniversalAnalyticsPlugin.m in Sources */,
				479E18C03FC748EFB74F82DE /* CDVSplashScreen.m in Sources */,
				890CEDE01C8F450F99FF7B38 /* CDVViewController+SplashScreen.m in Sources */,
				BCF14D9B52FC46FB92114626 /* CDVStatusBar.m in Sources */,
				FEEA79E4FEFB4D92A667DB08 /* CDVDevice.m in Sources */,
				683420C370794725A6E8C387 /* CDVConnection.m in Sources */,
				72C44D5E59204D0AA36E7A82 /* CDVReachability.m in Sources */,
				7F48DE2F69394E989636E7A6 /* CDVMobileAccessibility.m in Sources */,
			);
			runOnlyForDeploymentPostprocessing = 0;
		};
/* End PBXSourcesBuildPhase section */

/* Begin PBXTargetDependency section */
		301BF551109A68C00062928A /* PBXTargetDependency */ = {
			isa = PBXTargetDependency;
			name = CordovaLib;
			targetProxy = 301BF550109A68C00062928A /* PBXContainerItemProxy */;
		};
/* End PBXTargetDependency section */

/* Begin XCBuildConfiguration section */
		1D6058940D05DD3E006BFB54 /* Debug */ = {
			isa = XCBuildConfiguration;
			baseConfigurationReference = 3047A50F1AB8059700498E2A /* build-debug.xcconfig */;
			buildSettings = {
				ALWAYS_SEARCH_USER_PATHS = NO;
				ASSETCATALOG_COMPILER_APPICON_NAME = AppIcon;
				ASSETCATALOG_COMPILER_LAUNCHIMAGE_NAME = LaunchImage;
				CLANG_ENABLE_MODULES = YES;
				CLANG_ENABLE_OBJC_ARC = YES;
				CODE_SIGN_IDENTITY = "";
				COPY_PHASE_STRIP = NO;
				FRAMEWORK_SEARCH_PATHS = (
					"$(inherited)",
					"\"WSDOT/Plugins/cordova-plugin-admobpro\"",
					"\"WSDOT/Plugins/cordova-plugin-admobpro\"",
				);
				GCC_DYNAMIC_NO_PIC = NO;
				GCC_OPTIMIZATION_LEVEL = 0;
				GCC_PRECOMPILE_PREFIX_HEADER = YES;
				GCC_PREFIX_HEADER = "WSDOT/WSDOT-Prefix.pch";
				GCC_THUMB_SUPPORT = NO;
				GCC_VERSION = "";
				INFOPLIST_FILE = "WSDOT/WSDOT-Info.plist";
				IPHONEOS_DEPLOYMENT_TARGET = 7.0;
				LD_RUNPATH_SEARCH_PATHS = "@executable_path/Frameworks";
				LIBRARY_SEARCH_PATHS = (
					"$(inherited)",
					"\"$(SRCROOT)/WSDOT/Plugins/cordova-plugin-extension\"",
					"\"$(SRCROOT)/WSDOT/Plugins/cordova-plugin-google-analytics\"",
				);
				PRODUCT_NAME = WSDOT;
				PROVISIONING_PROFILE = "d24c6795-e5bc-43f0-b58d-ae9057321a9e";
			};
			name = Debug;
		};
		1D6058950D05DD3E006BFB54 /* Release */ = {
			isa = XCBuildConfiguration;
			baseConfigurationReference = 3047A5101AB8059700498E2A /* build-release.xcconfig */;
			buildSettings = {
				ALWAYS_SEARCH_USER_PATHS = NO;
				ASSETCATALOG_COMPILER_APPICON_NAME = AppIcon;
				ASSETCATALOG_COMPILER_LAUNCHIMAGE_NAME = LaunchImage;
				CLANG_ENABLE_MODULES = YES;
				CLANG_ENABLE_OBJC_ARC = YES;
				CODE_SIGN_IDENTITY = "";
				COPY_PHASE_STRIP = YES;
				FRAMEWORK_SEARCH_PATHS = (
					"$(inherited)",
					"\"WSDOT/Plugins/cordova-plugin-admobpro\"",
					"\"WSDOT/Plugins/cordova-plugin-admobpro\"",
				);
				GCC_PRECOMPILE_PREFIX_HEADER = YES;
				GCC_PREFIX_HEADER = "WSDOT/WSDOT-Prefix.pch";
				GCC_THUMB_SUPPORT = NO;
				GCC_VERSION = "";
				INFOPLIST_FILE = "WSDOT/WSDOT-Info.plist";
				IPHONEOS_DEPLOYMENT_TARGET = 7.0;
				LIBRARY_SEARCH_PATHS = (
					"$(inherited)",
					"\"$(SRCROOT)/WSDOT/Plugins/cordova-plugin-extension\"",
					"\"$(SRCROOT)/WSDOT/Plugins/cordova-plugin-google-analytics\"",
				);
				PRODUCT_NAME = WSDOT;
				PROVISIONING_PROFILE = "d24c6795-e5bc-43f0-b58d-ae9057321a9e";
			};
			name = Release;
		};
		C01FCF4F08A954540054247B /* Debug */ = {
			isa = XCBuildConfiguration;
			baseConfigurationReference = 3047A5111AB8059700498E2A /* build.xcconfig */;
			buildSettings = {
				CLANG_ENABLE_MODULES = YES;
				CLANG_ENABLE_OBJC_ARC = YES;
				CLANG_WARN_BOOL_CONVERSION = YES;
				CLANG_WARN_CONSTANT_CONVERSION = YES;
				CLANG_WARN_EMPTY_BODY = YES;
				CLANG_WARN_ENUM_CONVERSION = YES;
				CLANG_WARN_INT_CONVERSION = YES;
				CLANG_WARN__DUPLICATE_METHOD_MATCH = YES;
				GCC_C_LANGUAGE_STANDARD = c99;
				GCC_THUMB_SUPPORT = NO;
				GCC_VERSION = "";
				GCC_WARN_ABOUT_RETURN_TYPE = YES;
				GCC_WARN_UNDECLARED_SELECTOR = YES;
				GCC_WARN_UNINITIALIZED_AUTOS = YES;
				GCC_WARN_UNUSED_FUNCTION = YES;
				GCC_WARN_UNUSED_VARIABLE = YES;
				IPHONEOS_DEPLOYMENT_TARGET = 7.0;
				ONLY_ACTIVE_ARCH = YES;
				SDKROOT = iphoneos;
				SKIP_INSTALL = NO;
			};
			name = Debug;
		};
		C01FCF5008A954540054247B /* Release */ = {
			isa = XCBuildConfiguration;
			baseConfigurationReference = 3047A5111AB8059700498E2A /* build.xcconfig */;
			buildSettings = {
				CLANG_ENABLE_MODULES = YES;
				CLANG_ENABLE_OBJC_ARC = YES;
				CLANG_WARN_BOOL_CONVERSION = YES;
				CLANG_WARN_CONSTANT_CONVERSION = YES;
				CLANG_WARN_EMPTY_BODY = YES;
				CLANG_WARN_ENUM_CONVERSION = YES;
				CLANG_WARN_INT_CONVERSION = YES;
				CLANG_WARN__DUPLICATE_METHOD_MATCH = YES;
				GCC_C_LANGUAGE_STANDARD = c99;
				GCC_THUMB_SUPPORT = NO;
				GCC_VERSION = "";
				GCC_WARN_ABOUT_RETURN_TYPE = YES;
				GCC_WARN_UNDECLARED_SELECTOR = YES;
				GCC_WARN_UNINITIALIZED_AUTOS = YES;
				GCC_WARN_UNUSED_FUNCTION = YES;
				GCC_WARN_UNUSED_VARIABLE = YES;
				IPHONEOS_DEPLOYMENT_TARGET = 7.0;
				SDKROOT = iphoneos;
				SKIP_INSTALL = NO;
			};
			name = Release;
		};
/* End XCBuildConfiguration section */

/* Begin XCConfigurationList section */
		1D6058960D05DD3E006BFB54 /* Build configuration list for PBXNativeTarget "WSDOT" */ = {
			isa = XCConfigurationList;
			buildConfigurations = (
				1D6058940D05DD3E006BFB54 /* Debug */,
				1D6058950D05DD3E006BFB54 /* Release */,
			);
			defaultConfigurationIsVisible = 0;
			defaultConfigurationName = Release;
		};
		C01FCF4E08A954540054247B /* Build configuration list for PBXProject "WSDOT" */ = {
			isa = XCConfigurationList;
			buildConfigurations = (
				C01FCF4F08A954540054247B /* Debug */,
				C01FCF5008A954540054247B /* Release */,
			);
			defaultConfigurationIsVisible = 0;
			defaultConfigurationName = Release;
		};
/* End XCConfigurationList section */
	};
	rootObject = 29B97313FDCFA39411CA2CEA /* Project object */;
}
